
Microsoft Visual Studio Solution File, Format Version 12.00
Project("{FAE04EC0-301F-11D3-BF4B-00C04F79EFBC}") = "WaracleBooking", "WaracleBooking\WaracleBooking.csproj", "{A0C07BE3-C565-4354-B3C3-C1922B27FA71}"
EndProject
Project("{FAE04EC0-301F-11D3-BF4B-00C04F79EFBC}") = "WaracleBooking.Tests", "WaracleBooking.Tests\WaracleBooking.Tests.csproj", "{5C1D72B3-4102-435C-B118-6F6EFC7DC05D}"
EndProject
Global
	GlobalSection(SolutionConfigurationPlatforms) = preSolution
		Debug|Any CPU = Debug|Any CPU
		Release|Any CPU = Release|Any CPU
	EndGlobalSection
	GlobalSection(ProjectConfigurationPlatforms) = postSolution
		{A0C07BE3-C565-4354-B3C3-C1922B27FA71}.Debug|Any CPU.ActiveCfg = Debug|Any CPU
		{A0C07BE3-C565-4354-B3C3-C1922B27FA71}.Debug|Any CPU.Build.0 = Debug|Any CPU
		{A0C07BE3-C565-4354-B3C3-C1922B27FA71}.Release|Any CPU.ActiveCfg = Release|Any CPU
		{A0C07BE3-C565-4354-B3C3-C1922B27FA71}.Release|Any CPU.Build.0 = Release|Any CPU
		{5C1D72B3-4102-435C-B118-6F6EFC7DC05D}.Debug|Any CPU.ActiveCfg = Debug|Any CPU
		{5C1D72B3-4102-435C-B118-6F6EFC7DC05D}.Debug|Any CPU.Build.0 = Debug|Any CPU
		{5C1D72B3-4102-435C-B118-6F6EFC7DC05D}.Release|Any CPU.ActiveCfg = Release|Any CPU
		{5C1D72B3-4102-435C-B118-6F6EFC7DC05D}.Release|Any CPU.Build.0 = Release|Any CPU
	EndGlobalSection
EndGlobal
